
Microsoft Visual Studio Solution File, Format Version 12.00
# Visual Studio Version 17
VisualStudioVersion = 17.9.34701.34
MinimumVisualStudioVersion = 10.0.40219.1
Project("{FAE04EC0-301F-11D3-BF4B-00C04F79EFBC}") = "SistemaDeTarefas", "SistemaDeTarefas\SistemaDeTarefas.csproj", "{D130BF23-CAEC-4721-96E6-155C983FBB7E}"
EndProject
Global
	GlobalSection(SolutionConfigurationPlatforms) = preSolution
		Debug|Any CPU = Debug|Any CPU
		Release|Any CPU = Release|Any CPU
	EndGlobalSection
	GlobalSection(ProjectConfigurationPlatforms) = postSolution
		{D130BF23-CAEC-4721-96E6-155C983FBB7E}.Debug|Any CPU.ActiveCfg = Debug|Any CPU
		{D130BF23-CAEC-4721-96E6-155C983FBB7E}.Debug|Any CPU.Build.0 = Debug|Any CPU
		{D130BF23-CAEC-4721-96E6-155C983FBB7E}.Release|Any CPU.ActiveCfg = Release|Any CPU
		{D130BF23-CAEC-4721-96E6-155C983FBB7E}.Release|Any CPU.Build.0 = Release|Any CPU
	EndGlobalSection
	GlobalSection(SolutionProperties) = preSolution
		HideSolutionNode = FALSE
	EndGlobalSection
	GlobalSection(ExtensibilityGlobals) = postSolution
		SolutionGuid = {EF3E68C0-FFA8-40AE-AA37-C167DC6D777A}
	EndGlobalSection
EndGlobal
